
Microsoft Visual Studio Solution File, Format Version 12.00
# Visual Studio Version 17
VisualStudioVersion = 17.13.35931.197 d17.13
MinimumVisualStudioVersion = 10.0.40219.1
Project("{FAE04EC0-301F-11D3-BF4B-00C04F79EFBC}") = "BlazorApp", "BlazorApp\BlazorApp.csproj", "{C5DD803F-5AEF-439C-B467-67DCFC55348A}"
EndProject
Project("{FAE04EC0-301F-11D3-BF4B-00C04F79EFBC}") = "BlazorApp2", "BlazorApp2\BlazorApp2.csproj", "{AD374F7B-3D96-477D-BCE9-5C758B419700}"
EndProject
Global
	GlobalSection(SolutionConfigurationPlatforms) = preSolution
		Debug|Any CPU = Debug|Any CPU
		Release|Any CPU = Release|Any CPU
	EndGlobalSection
	GlobalSection(ProjectConfigurationPlatforms) = postSolution
		{C5DD803F-5AEF-439C-B467-67DCFC55348A}.Debug|Any CPU.ActiveCfg = Debug|Any CPU
		{C5DD803F-5AEF-439C-B467-67DCFC55348A}.Debug|Any CPU.Build.0 = Debug|Any CPU
		{C5DD803F-5AEF-439C-B467-67DCFC55348A}.Release|Any CPU.ActiveCfg = Release|Any CPU
		{C5DD803F-5AEF-439C-B467-67DCFC55348A}.Release|Any CPU.Build.0 = Release|Any CPU
		{AD374F7B-3D96-477D-BCE9-5C758B419700}.Debug|Any CPU.ActiveCfg = Debug|Any CPU
		{AD374F7B-3D96-477D-BCE9-5C758B419700}.Debug|Any CPU.Build.0 = Debug|Any CPU
		{AD374F7B-3D96-477D-BCE9-5C758B419700}.Release|Any CPU.ActiveCfg = Release|Any CPU
		{AD374F7B-3D96-477D-BCE9-5C758B419700}.Release|Any CPU.Build.0 = Release|Any CPU
	EndGlobalSection
	GlobalSection(SolutionProperties) = preSolution
		HideSolutionNode = FALSE
	EndGlobalSection
	GlobalSection(ExtensibilityGlobals) = postSolution
		SolutionGuid = {28AA04B4-5236-4AE4-A8E0-B1133646EF84}
	EndGlobalSection
EndGlobal
